// !$*UTF8*$!
{
	archiveVersion = 1;
	classes = {
	};
	objectVersion = 46;
	objects = {

/* Begin PBXBuildFile section */
		7590C91E1F678CAE00E1184B /* WECUIFindHook.m in Sources */ = {isa = PBXBuildFile; fileRef = 7590C91D1F678CAE00E1184B /* WECUIFindHook.m */; };
		7590C9201F678CB300E1184B /* WECSportStepHook.m in Sources */ = {isa = PBXBuildFile; fileRef = 7590C91F1F678CB300E1184B /* WECSportStepHook.m */; };
		75D4FF891F676A1900CACDD6 /* put ipa or app here in Resources */ = {isa = PBXBuildFile; fileRef = 75D4FF881F676A1900CACDD6 /* put ipa or app here */; };
		75D4FF931F676A1900CACDD6 /* Cycript.framework in Frameworks */ = {isa = PBXBuildFile; fileRef = 75D4FF921F676A1900CACDD6 /* Cycript.framework */; };
		75D4FF951F676A1900CACDD6 /* JavaScriptCore.framework in Frameworks */ = {isa = PBXBuildFile; fileRef = 75D4FF941F676A1900CACDD6 /* JavaScriptCore.framework */; };
		75D4FF971F676A1900CACDD6 /* RevealServer.framework in Frameworks */ = {isa = PBXBuildFile; fileRef = 75D4FF961F676A1900CACDD6 /* RevealServer.framework */; };
		75D4FF991F676A1900CACDD6 /* Foundation.framework in Frameworks */ = {isa = PBXBuildFile; fileRef = 75D4FF981F676A1900CACDD6 /* Foundation.framework */; };
		75D4FF9B1F676A1900CACDD6 /* UIKit.framework in Frameworks */ = {isa = PBXBuildFile; fileRef = 75D4FF9A1F676A1900CACDD6 /* UIKit.framework */; };
		75D4FFA11F676A1900CACDD6 /* CaptainHook.h in Headers */ = {isa = PBXBuildFile; fileRef = 75D4FFA01F676A1900CACDD6 /* CaptainHook.h */; };
		75D4FFA41F676A1900CACDD6 /* AntiAntiDebug.m in Sources */ = {isa = PBXBuildFile; fileRef = 75D4FFA31F676A1900CACDD6 /* AntiAntiDebug.m */; };
		75D4FFA71F676A1900CACDD6 /* fishhook.c in Sources */ = {isa = PBXBuildFile; fileRef = 75D4FFA61F676A1900CACDD6 /* fishhook.c */; };
		75D4FFA91F676A1900CACDD6 /* fishhook.h in Headers */ = {isa = PBXBuildFile; fileRef = 75D4FFA81F676A1900CACDD6 /* fishhook.h */; };
		75D4FFAC1F676A1900CACDD6 /* WeCheatDylib.mm in Sources */ = {isa = PBXBuildFile; fileRef = 75D4FFAB1F676A1900CACDD6 /* WeCheatDylib.mm */; };
		75D4FFAE1F676A1900CACDD6 /* WeCheatDylib.h in Headers */ = {isa = PBXBuildFile; fileRef = 75D4FFAD1F676A1900CACDD6 /* WeCheatDylib.h */; };
		75D4FFB01F676A1900CACDD6 /* WeCheatDylib.m in Sources */ = {isa = PBXBuildFile; fileRef = 75D4FFAF1F676A1900CACDD6 /* WeCheatDylib.m */; };
		75D4FFC31F676C7D00CACDD6 /* WeChatpluginConfig.h in Headers */ = {isa = PBXBuildFile; fileRef = 75D4FFC11F676C7D00CACDD6 /* WeChatpluginConfig.h */; };
		75D4FFC41F676C7D00CACDD6 /* WeChatpluginConfig.m in Sources */ = {isa = PBXBuildFile; fileRef = 75D4FFC21F676C7D00CACDD6 /* WeChatpluginConfig.m */; };
		75D4FFC61F676CB100CACDD6 /* WECMessageHook.m in Sources */ = {isa = PBXBuildFile; fileRef = 75D4FFC51F676CB100CACDD6 /* WECMessageHook.m */; };
		75D4FFC91F676D6600CACDD6 /* WeChatServiceManager.h in Headers */ = {isa = PBXBuildFile; fileRef = 75D4FFC71F676D6600CACDD6 /* WeChatServiceManager.h */; };
		75D4FFCA1F676D6600CACDD6 /* WeChatServiceManager.m in Sources */ = {isa = PBXBuildFile; fileRef = 75D4FFC81F676D6600CACDD6 /* WeChatServiceManager.m */; };
/* End PBXBuildFile section */

/* Begin PBXFileReference section */
		7556FC321F67D69F0008D6F1 /* WeChatUIHeader.h */ = {isa = PBXFileReference; lastKnownFileType = sourcecode.c.h; name = WeChatUIHeader.h; path = Header/WeChatUIHeader.h; sourceTree = "<group>"; };
		7590C91D1F678CAE00E1184B /* WECUIFindHook.m */ = {isa = PBXFileReference; fileEncoding = 4; lastKnownFileType = sourcecode.c.objc; name = WECUIFindHook.m; path = Hook/WECUIFindHook.m; sourceTree = "<group>"; };
		7590C91F1F678CB300E1184B /* WECSportStepHook.m */ = {isa = PBXFileReference; fileEncoding = 4; lastKnownFileType = sourcecode.c.objc; name = WECSportStepHook.m; path = Hook/WECSportStepHook.m; sourceTree = "<group>"; };
		75D4FF841F676A1900CACDD6 /* WeCheat.app */ = {isa = PBXFileReference; explicitFileType = wrapper.application; includeInIndex = 0; path = WeCheat.app; sourceTree = BUILT_PRODUCTS_DIR; };
		75D4FF881F676A1900CACDD6 /* put ipa or app here */ = {isa = PBXFileReference; lastKnownFileType = text; name = "put ipa or app here"; path = "TargetApp/put ipa or app here"; sourceTree = "<group>"; };
		75D4FF8A1F676A1900CACDD6 /* Info.plist */ = {isa = PBXFileReference; lastKnownFileType = text.plist.xml; path = Info.plist; sourceTree = "<group>"; };
		75D4FF901F676A1900CACDD6 /* libWeCheatDylib.dylib */ = {isa = PBXFileReference; explicitFileType = "compiled.mach-o.dylib"; includeInIndex = 0; path = libWeCheatDylib.dylib; sourceTree = BUILT_PRODUCTS_DIR; };
		75D4FF921F676A1900CACDD6 /* Cycript.framework */ = {isa = PBXFileReference; lastKnownFileType = wrapper.framework; name = Cycript.framework; path = Library/Frameworks/Cycript.framework; sourceTree = DEVELOPER_DIR; };
		75D4FF941F676A1900CACDD6 /* JavaScriptCore.framework */ = {isa = PBXFileReference; lastKnownFileType = wrapper.framework; name = JavaScriptCore.framework; path = System/Library/Frameworks/JavaScriptCore.framework; sourceTree = SDKROOT; };
		75D4FF961F676A1900CACDD6 /* RevealServer.framework */ = {isa = PBXFileReference; lastKnownFileType = wrapper.framework; name = RevealServer.framework; path = Library/Frameworks/RevealServer.framework; sourceTree = DEVELOPER_DIR; };
		75D4FF981F676A1900CACDD6 /* Foundation.framework */ = {isa = PBXFileReference; lastKnownFileType = wrapper.framework; name = Foundation.framework; path = System/Library/Frameworks/Foundation.framework; sourceTree = SDKROOT; };
		75D4FF9A1F676A1900CACDD6 /* UIKit.framework */ = {isa = PBXFileReference; lastKnownFileType = wrapper.framework; name = UIKit.framework; path = System/Library/Frameworks/UIKit.framework; sourceTree = SDKROOT; };
		75D4FF9E1F676A1900CACDD6 /* WeCheatDylib-Prefix.pch */ = {isa = PBXFileReference; lastKnownFileType = sourcecode.c.h; path = "WeCheatDylib-Prefix.pch"; sourceTree = "<group>"; };
		75D4FFA01F676A1900CACDD6 /* CaptainHook.h */ = {isa = PBXFileReference; lastKnownFileType = sourcecode.c.h; name = CaptainHook.h; path = CaptainHook/CaptainHook.h; sourceTree = "<group>"; };
		75D4FFA31F676A1900CACDD6 /* AntiAntiDebug.m */ = {isa = PBXFileReference; lastKnownFileType = sourcecode.c.objc; name = AntiAntiDebug.m; path = AntiAntiDebug/AntiAntiDebug.m; sourceTree = "<group>"; };
		75D4FFA61F676A1900CACDD6 /* fishhook.c */ = {isa = PBXFileReference; lastKnownFileType = sourcecode.c.c; name = fishhook.c; path = fishhook/fishhook.c; sourceTree = "<group>"; };
		75D4FFA81F676A1900CACDD6 /* fishhook.h */ = {isa = PBXFileReference; lastKnownFileType = sourcecode.c.h; name = fishhook.h; path = fishhook/fishhook.h; sourceTree = "<group>"; };
		75D4FFAA1F676A1900CACDD6 /* WeCheatDylib.xm */ = {isa = PBXFileReference; lastKnownFileType = sourcecode.cpp.objcpp; path = WeCheatDylib.xm; sourceTree = "<group>"; xcLanguageSpecificationIdentifier = xcode.lang.objcpp; };
		75D4FFAB1F676A1900CACDD6 /* WeCheatDylib.mm */ = {isa = PBXFileReference; lastKnownFileType = sourcecode.cpp.objcpp; path = WeCheatDylib.mm; sourceTree = "<group>"; };
		75D4FFAD1F676A1900CACDD6 /* WeCheatDylib.h */ = {isa = PBXFileReference; lastKnownFileType = sourcecode.c.h; path = WeCheatDylib.h; sourceTree = "<group>"; };
		75D4FFAF1F676A1900CACDD6 /* WeCheatDylib.m */ = {isa = PBXFileReference; lastKnownFileType = sourcecode.c.objc; path = WeCheatDylib.m; sourceTree = "<group>"; };
		75D4FFBB1F676AAF00CACDD6 /* wechat-6.5.15.ipa */ = {isa = PBXFileReference; lastKnownFileType = file; name = "wechat-6.5.15.ipa"; path = "TargetApp/wechat-6.5.15.ipa"; sourceTree = "<group>"; };
		75D4FFC01F676C3900CACDD6 /* WeChatHeader.h */ = {isa = PBXFileReference; fileEncoding = 4; lastKnownFileType = sourcecode.c.h; name = WeChatHeader.h; path = Header/WeChatHeader.h; sourceTree = "<group>"; };
		75D4FFC11F676C7D00CACDD6 /* WeChatpluginConfig.h */ = {isa = PBXFileReference; fileEncoding = 4; lastKnownFileType = sourcecode.c.h; name = WeChatpluginConfig.h; path = Config/WeChatpluginConfig.h; sourceTree = "<group>"; };
		75D4FFC21F676C7D00CACDD6 /* WeChatpluginConfig.m */ = {isa = PBXFileReference; fileEncoding = 4; lastKnownFileType = sourcecode.c.objc; name = WeChatpluginConfig.m; path = Config/WeChatpluginConfig.m; sourceTree = "<group>"; };
		75D4FFC51F676CB100CACDD6 /* WECMessageHook.m */ = {isa = PBXFileReference; fileEncoding = 4; lastKnownFileType = sourcecode.c.objc; name = WECMessageHook.m; path = Hook/WECMessageHook.m; sourceTree = "<group>"; };
		75D4FFC71F676D6600CACDD6 /* WeChatServiceManager.h */ = {isa = PBXFileReference; fileEncoding = 4; lastKnownFileType = sourcecode.c.h; name = WeChatServiceManager.h; path = Manager/WeChatServiceManager.h; sourceTree = "<group>"; };
		75D4FFC81F676D6600CACDD6 /* WeChatServiceManager.m */ = {isa = PBXFileReference; fileEncoding = 4; lastKnownFileType = sourcecode.c.objc; name = WeChatServiceManager.m; path = Manager/WeChatServiceManager.m; sourceTree = "<group>"; };
/* End PBXFileReference section */

/* Begin PBXFrameworksBuildPhase section */
		75D4FF801F676A1900CACDD6 /* Frameworks */ = {
			isa = PBXFrameworksBuildPhase;
			buildActionMask = 2147483647;
			files = (
			);
			runOnlyForDeploymentPostprocessing = 0;
		};
		75D4FF8D1F676A1900CACDD6 /* Frameworks */ = {
			isa = PBXFrameworksBuildPhase;
			buildActionMask = 2147483647;
			files = (
				75D4FF951F676A1900CACDD6 /* JavaScriptCore.framework in Frameworks */,
				75D4FF971F676A1900CACDD6 /* RevealServer.framework in Frameworks */,
				75D4FF931F676A1900CACDD6 /* Cycript.framework in Frameworks */,
				75D4FF991F676A1900CACDD6 /* Foundation.framework in Frameworks */,
				75D4FF9B1F676A1900CACDD6 /* UIKit.framework in Frameworks */,
			);
			runOnlyForDeploymentPostprocessing = 0;
		};
/* End PBXFrameworksBuildPhase section */

/* Begin PBXGroup section */
		75D4FF7A1F676A1900CACDD6 = {
			isa = PBXGroup;
			children = (
				75D4FF861F676A1900CACDD6 /* WeCheat */,
				75D4FF9C1F676A1900CACDD6 /* WeCheatDylib */,
				75D4FF911F676A1900CACDD6 /* Frameworks */,
				75D4FF851F676A1900CACDD6 /* Products */,
			);
			sourceTree = "<group>";
		};
		75D4FF851F676A1900CACDD6 /* Products */ = {
			isa = PBXGroup;
			children = (
				75D4FF841F676A1900CACDD6 /* WeCheat.app */,
				75D4FF901F676A1900CACDD6 /* libWeCheatDylib.dylib */,
			);
			name = Products;
			sourceTree = "<group>";
		};
		75D4FF861F676A1900CACDD6 /* WeCheat */ = {
			isa = PBXGroup;
			children = (
				75D4FF8A1F676A1900CACDD6 /* Info.plist */,
				75D4FF871F676A1900CACDD6 /* TargetApp */,
			);
			path = WeCheat;
			sourceTree = "<group>";
		};
		75D4FF871F676A1900CACDD6 /* TargetApp */ = {
			isa = PBXGroup;
			children = (
				75D4FFBB1F676AAF00CACDD6 /* wechat-6.5.15.ipa */,
				75D4FF881F676A1900CACDD6 /* put ipa or app here */,
			);
			name = TargetApp;
			sourceTree = "<group>";
		};
		75D4FF911F676A1900CACDD6 /* Frameworks */ = {
			isa = PBXGroup;
			children = (
				75D4FF921F676A1900CACDD6 /* Cycript.framework */,
				75D4FF941F676A1900CACDD6 /* JavaScriptCore.framework */,
				75D4FF961F676A1900CACDD6 /* RevealServer.framework */,
				75D4FF981F676A1900CACDD6 /* Foundation.framework */,
				75D4FF9A1F676A1900CACDD6 /* UIKit.framework */,
			);
			name = Frameworks;
			sourceTree = "<group>";
		};
		75D4FF9C1F676A1900CACDD6 /* WeCheatDylib */ = {
			isa = PBXGroup;
			children = (
				75D4FFBF1F676C1000CACDD6 /* Header */,
				75D4FFBE1F676C0800CACDD6 /* Config */,
				75D4FFBD1F676BFF00CACDD6 /* Manager */,
				75D4FFBC1F676BF900CACDD6 /* Hook */,
				75D4FFAA1F676A1900CACDD6 /* WeCheatDylib.xm */,
				75D4FFAB1F676A1900CACDD6 /* WeCheatDylib.mm */,
				75D4FFAD1F676A1900CACDD6 /* WeCheatDylib.h */,
				75D4FFAF1F676A1900CACDD6 /* WeCheatDylib.m */,
				75D4FF9F1F676A1900CACDD6 /* CaptainHook */,
				75D4FFA21F676A1900CACDD6 /* AntiAntiDebug */,
				75D4FFA51F676A1900CACDD6 /* fishhook */,
				75D4FF9D1F676A1900CACDD6 /* Supporting Files */,
			);
			path = WeCheatDylib;
			sourceTree = "<group>";
		};
		75D4FF9D1F676A1900CACDD6 /* Supporting Files */ = {
			isa = PBXGroup;
			children = (
				75D4FF9E1F676A1900CACDD6 /* WeCheatDylib-Prefix.pch */,
			);
			name = "Supporting Files";
			sourceTree = "<group>";
		};
		75D4FF9F1F676A1900CACDD6 /* CaptainHook */ = {
			isa = PBXGroup;
			children = (
				75D4FFA01F676A1900CACDD6 /* CaptainHook.h */,
			);
			name = CaptainHook;
			sourceTree = "<group>";
		};
		75D4FFA21F676A1900CACDD6 /* AntiAntiDebug */ = {
			isa = PBXGroup;
			children = (
				75D4FFA31F676A1900CACDD6 /* AntiAntiDebug.m */,
			);
			name = AntiAntiDebug;
			sourceTree = "<group>";
		};
		75D4FFA51F676A1900CACDD6 /* fishhook */ = {
			isa = PBXGroup;
			children = (
				75D4FFA61F676A1900CACDD6 /* fishhook.c */,
				75D4FFA81F676A1900CACDD6 /* fishhook.h */,
			);
			name = fishhook;
			sourceTree = "<group>";
		};
		75D4FFBC1F676BF900CACDD6 /* Hook */ = {
			isa = PBXGroup;
			children = (
				75D4FFC51F676CB100CACDD6 /* WECMessageHook.m */,
				7590C91F1F678CB300E1184B /* WECSportStepHook.m */,
				7590C91D1F678CAE00E1184B /* WECUIFindHook.m */,
			);
			name = Hook;
			sourceTree = "<group>";
		};
		75D4FFBD1F676BFF00CACDD6 /* Manager */ = {
			isa = PBXGroup;
			children = (
				75D4FFC71F676D6600CACDD6 /* WeChatServiceManager.h */,
				75D4FFC81F676D6600CACDD6 /* WeChatServiceManager.m */,
			);
			name = Manager;
			sourceTree = "<group>";
		};
		75D4FFBE1F676C0800CACDD6 /* Config */ = {
			isa = PBXGroup;
			children = (
				75D4FFC11F676C7D00CACDD6 /* WeChatpluginConfig.h */,
				75D4FFC21F676C7D00CACDD6 /* WeChatpluginConfig.m */,
			);
			name = Config;
			sourceTree = "<group>";
		};
		75D4FFBF1F676C1000CACDD6 /* Header */ = {
			isa = PBXGroup;
			children = (
				75D4FFC01F676C3900CACDD6 /* WeChatHeader.h */,
				7556FC321F67D69F0008D6F1 /* WeChatUIHeader.h */,
			);
			name = Header;
			sourceTree = "<group>";
		};
/* End PBXGroup section */

/* Begin PBXHeadersBuildPhase section */
		75D4FF8E1F676A1900CACDD6 /* Headers */ = {
			isa = PBXHeadersBuildPhase;
			buildActionMask = 2147483647;
			files = (
				75D4FFA11F676A1900CACDD6 /* CaptainHook.h in Headers */,
				75D4FFA91F676A1900CACDD6 /* fishhook.h in Headers */,
				75D4FFAE1F676A1900CACDD6 /* WeCheatDylib.h in Headers */,
				75D4FFC31F676C7D00CACDD6 /* WeChatpluginConfig.h in Headers */,
				75D4FFC91F676D6600CACDD6 /* WeChatServiceManager.h in Headers */,
			);
			runOnlyForDeploymentPostprocessing = 0;
		};
/* End PBXHeadersBuildPhase section */

/* Begin PBXNativeTarget section */
		75D4FF831F676A1900CACDD6 /* WeCheat */ = {
			isa = PBXNativeTarget;
			buildConfigurationList = 75D4FFB31F676A1900CACDD6 /* Build configuration list for PBXNativeTarget "WeCheat" */;
			buildPhases = (
				75D4FF7F1F676A1900CACDD6 /* Sources */,
				75D4FF801F676A1900CACDD6 /* Frameworks */,
				75D4FF811F676A1900CACDD6 /* Resources */,
				75D4FF821F676A1900CACDD6 /* ShellScript */,
			);
			buildRules = (
			);
			dependencies = (
			);
			name = WeCheat;
			productName = WeCheat;
			productReference = 75D4FF841F676A1900CACDD6 /* WeCheat.app */;
			productType = "com.apple.product-type.application";
		};
		75D4FF8F1F676A1900CACDD6 /* WeCheatDylib */ = {
			isa = PBXNativeTarget;
			buildConfigurationList = 75D4FFB61F676A1900CACDD6 /* Build configuration list for PBXNativeTarget "WeCheatDylib" */;
			buildPhases = (
				75D4FF8B1F676A1900CACDD6 /* ShellScript */,
				75D4FF8C1F676A1900CACDD6 /* Sources */,
				75D4FF8D1F676A1900CACDD6 /* Frameworks */,
				75D4FF8E1F676A1900CACDD6 /* Headers */,
			);
			buildRules = (
			);
			dependencies = (
			);
			name = WeCheatDylib;
			productName = WeCheatDylib;
			productReference = 75D4FF901F676A1900CACDD6 /* libWeCheatDylib.dylib */;
			productType = "com.apple.product-type.library.dynamic";
		};
/* End PBXNativeTarget section */

/* Begin PBXProject section */
		75D4FF7B1F676A1900CACDD6 /* Project object */ = {
			isa = PBXProject;
			attributes = {
				LastUpgradeCheck = 0830;
				ORGANIZATIONNAME = "Harry Twan";
				TargetAttributes = {
					75D4FF831F676A1900CACDD6 = {
						CreatedOnToolsVersion = 8.3.3;
						DevelopmentTeam = DNL5G5M9A8;
						ProvisioningStyle = Automatic;
					};
					75D4FF8F1F676A1900CACDD6 = {
						CreatedOnToolsVersion = 8.3.3;
						DevelopmentTeam = DNL5G5M9A8;
						ProvisioningStyle = Automatic;
					};
				};
			};
			buildConfigurationList = 75D4FF7E1F676A1900CACDD6 /* Build configuration list for PBXProject "WeCheat" */;
			compatibilityVersion = "Xcode 3.2";
			developmentRegion = English;
			hasScannedForEncodings = 0;
			knownRegions = (
				en,
			);
			mainGroup = 75D4FF7A1F676A1900CACDD6;
			productRefGroup = 75D4FF851F676A1900CACDD6 /* Products */;
			projectDirPath = "";
			projectRoot = "";
			targets = (
				75D4FF831F676A1900CACDD6 /* WeCheat */,
				75D4FF8F1F676A1900CACDD6 /* WeCheatDylib */,
			);
		};
/* End PBXProject section */

/* Begin PBXResourcesBuildPhase section */
		75D4FF811F676A1900CACDD6 /* Resources */ = {
			isa = PBXResourcesBuildPhase;
			buildActionMask = 2147483647;
			files = (
				75D4FF891F676A1900CACDD6 /* put ipa or app here in Resources */,
			);
			runOnlyForDeploymentPostprocessing = 0;
		};
/* End PBXResourcesBuildPhase section */

/* Begin PBXShellScriptBuildPhase section */
		75D4FF821F676A1900CACDD6 /* ShellScript */ = {
			isa = PBXShellScriptBuildPhase;
			buildActionMask = 2147483647;
			files = (
			);
			inputPaths = (
			);
			outputPaths = (
			);
			runOnlyForDeploymentPostprocessing = 0;
			shellPath = /bin/sh;
			shellScript = /opt/MonkeyDev/Tools/pack.sh;
		};
		75D4FF8B1F676A1900CACDD6 /* ShellScript */ = {
			isa = PBXShellScriptBuildPhase;
			buildActionMask = 2147483647;
			files = (
			);
			inputPaths = (
			);
			outputPaths = (
			);
			runOnlyForDeploymentPostprocessing = 0;
			shellPath = /bin/sh;
			shellScript = "/opt/MonkeyDev/bin/md --xcbp-logos";
		};
/* End PBXShellScriptBuildPhase section */

/* Begin PBXSourcesBuildPhase section */
		75D4FF7F1F676A1900CACDD6 /* Sources */ = {
			isa = PBXSourcesBuildPhase;
			buildActionMask = 2147483647;
			files = (
			);
			runOnlyForDeploymentPostprocessing = 0;
		};
		75D4FF8C1F676A1900CACDD6 /* Sources */ = {
			isa = PBXSourcesBuildPhase;
			buildActionMask = 2147483647;
			files = (
				75D4FFC41F676C7D00CACDD6 /* WeChatpluginConfig.m in Sources */,
				7590C91E1F678CAE00E1184B /* WECUIFindHook.m in Sources */,
				75D4FFA71F676A1900CACDD6 /* fishhook.c in Sources */,
				75D4FFC61F676CB100CACDD6 /* WECMessageHook.m in Sources */,
				75D4FFCA1F676D6600CACDD6 /* WeChatServiceManager.m in Sources */,
				7590C9201F678CB300E1184B /* WECSportStepHook.m in Sources */,
				75D4FFA41F676A1900CACDD6 /* AntiAntiDebug.m in Sources */,
				75D4FFB01F676A1900CACDD6 /* WeCheatDylib.m in Sources */,
				75D4FFAC1F676A1900CACDD6 /* WeCheatDylib.mm in Sources */,
			);
			runOnlyForDeploymentPostprocessing = 0;
		};
/* End PBXSourcesBuildPhase section */

/* Begin XCBuildConfiguration section */
		75D4FFB11F676A1900CACDD6 /* Debug */ = {
			isa = XCBuildConfiguration;
			buildSettings = {
				ALWAYS_SEARCH_USER_PATHS = NO;
				CLANG_ANALYZER_NONNULL = YES;
				CLANG_ANALYZER_NUMBER_OBJECT_CONVERSION = YES_AGGRESSIVE;
				CLANG_CXX_LANGUAGE_STANDARD = "gnu++0x";
				CLANG_CXX_LIBRARY = "libc++";
				CLANG_ENABLE_MODULES = YES;
				CLANG_ENABLE_OBJC_ARC = YES;
				CLANG_WARN_BOOL_CONVERSION = YES;
				CLANG_WARN_CONSTANT_CONVERSION = YES;
				CLANG_WARN_DIRECT_OBJC_ISA_USAGE = YES_ERROR;
				CLANG_WARN_DOCUMENTATION_COMMENTS = YES;
				CLANG_WARN_EMPTY_BODY = YES;
				CLANG_WARN_ENUM_CONVERSION = YES;
				CLANG_WARN_INFINITE_RECURSION = YES;
				CLANG_WARN_INT_CONVERSION = YES;
				CLANG_WARN_OBJC_ROOT_CLASS = YES_ERROR;
				CLANG_WARN_SUSPICIOUS_MOVE = YES;
				CLANG_WARN_UNREACHABLE_CODE = YES;
				CLANG_WARN__DUPLICATE_METHOD_MATCH = YES;
				"CODE_SIGN_IDENTITY[sdk=iphoneos*]" = "iPhone Developer";
				COPY_PHASE_STRIP = NO;
				DEBUG_INFORMATION_FORMAT = dwarf;
				ENABLE_STRICT_OBJC_MSGSEND = YES;
				ENABLE_TESTABILITY = YES;
				GCC_C_LANGUAGE_STANDARD = gnu99;
				GCC_DYNAMIC_NO_PIC = NO;
				GCC_NO_COMMON_BLOCKS = YES;
				GCC_OPTIMIZATION_LEVEL = 0;
				GCC_PREPROCESSOR_DEFINITIONS = (
					"DEBUG=1",
					"$(inherited)",
				);
				GCC_WARN_64_TO_32_BIT_CONVERSION = YES;
				GCC_WARN_ABOUT_RETURN_TYPE = YES_ERROR;
				GCC_WARN_UNDECLARED_SELECTOR = YES;
				GCC_WARN_UNINITIALIZED_AUTOS = YES_AGGRESSIVE;
				GCC_WARN_UNUSED_FUNCTION = YES;
				GCC_WARN_UNUSED_VARIABLE = YES;
				IPHONEOS_DEPLOYMENT_TARGET = 8.0;
				MTL_ENABLE_DEBUG_INFO = YES;
				ONLY_ACTIVE_ARCH = YES;
				SDKROOT = iphoneos;
			};
			name = Debug;
		};
		75D4FFB21F676A1900CACDD6 /* Release */ = {
			isa = XCBuildConfiguration;
			buildSettings = {
				ALWAYS_SEARCH_USER_PATHS = NO;
				CLANG_ANALYZER_NONNULL = YES;
				CLANG_ANALYZER_NUMBER_OBJECT_CONVERSION = YES_AGGRESSIVE;
				CLANG_CXX_LANGUAGE_STANDARD = "gnu++0x";
				CLANG_CXX_LIBRARY = "libc++";
				CLANG_ENABLE_MODULES = YES;
				CLANG_ENABLE_OBJC_ARC = YES;
				CLANG_WARN_BOOL_CONVERSION = YES;
				CLANG_WARN_CONSTANT_CONVERSION = YES;
				CLANG_WARN_DIRECT_OBJC_ISA_USAGE = YES_ERROR;
				CLANG_WARN_DOCUMENTATION_COMMENTS = YES;
				CLANG_WARN_EMPTY_BODY = YES;
				CLANG_WARN_ENUM_CONVERSION = YES;
				CLANG_WARN_INFINITE_RECURSION = YES;
				CLANG_WARN_INT_CONVERSION = YES;
				CLANG_WARN_OBJC_ROOT_CLASS = YES_ERROR;
				CLANG_WARN_SUSPICIOUS_MOVE = YES;
				CLANG_WARN_UNREACHABLE_CODE = YES;
				CLANG_WARN__DUPLICATE_METHOD_MATCH = YES;
				"CODE_SIGN_IDENTITY[sdk=iphoneos*]" = "iPhone Developer";
				COPY_PHASE_STRIP = NO;
				DEBUG_INFORMATION_FORMAT = "dwarf-with-dsym";
				ENABLE_NS_ASSERTIONS = NO;
				ENABLE_STRICT_OBJC_MSGSEND = YES;
				GCC_C_LANGUAGE_STANDARD = gnu99;
				GCC_NO_COMMON_BLOCKS = YES;
				GCC_WARN_64_TO_32_BIT_CONVERSION = YES;
				GCC_WARN_ABOUT_RETURN_TYPE = YES_ERROR;
				GCC_WARN_UNDECLARED_SELECTOR = YES;
				GCC_WARN_UNINITIALIZED_AUTOS = YES_AGGRESSIVE;
				GCC_WARN_UNUSED_FUNCTION = YES;
				GCC_WARN_UNUSED_VARIABLE = YES;
				IPHONEOS_DEPLOYMENT_TARGET = 8.0;
				MTL_ENABLE_DEBUG_INFO = NO;
				SDKROOT = iphoneos;
				VALIDATE_PRODUCT = YES;
			};
			name = Release;
		};
		75D4FFB41F676A1900CACDD6 /* Debug */ = {
			isa = XCBuildConfiguration;
			buildSettings = {
				DEVELOPMENT_TEAM = DNL5G5M9A8;
				ENABLE_BITCODE = NO;
				INFOPLIST_FILE = WeCheat/Info.plist;
				MONKEYDEV_CLASS_DUMP = NO;
				MONKEYDEV_RESTORE_SYMBOL = NO;
				PODS_ROOT = "${SRCROOT}/Pods";
				PRODUCT_BUNDLE_IDENTIFIER = gua.desgard.WeCheat;
				PRODUCT_NAME = "$(TARGET_NAME)";
				TARGETED_DEVICE_FAMILY = 1;
			};
			name = Debug;
		};
		75D4FFB51F676A1900CACDD6 /* Release */ = {
			isa = XCBuildConfiguration;
			buildSettings = {
				DEVELOPMENT_TEAM = DNL5G5M9A8;
				ENABLE_BITCODE = NO;
				INFOPLIST_FILE = WeCheat/Info.plist;
				MONKEYDEV_CLASS_DUMP = NO;
				MONKEYDEV_RESTORE_SYMBOL = NO;
				PODS_ROOT = "${SRCROOT}/Pods";
				PRODUCT_BUNDLE_IDENTIFIER = gua.desgard.WeCheat;
				PRODUCT_NAME = "$(TARGET_NAME)";
				TARGETED_DEVICE_FAMILY = 1;
			};
			name = Release;
		};
		75D4FFB71F676A1900CACDD6 /* Debug */ = {
			isa = XCBuildConfiguration;
			buildSettings = {
				DEVELOPMENT_TEAM = DNL5G5M9A8;
				DYLIB_COMPATIBILITY_VERSION = 1;
				DYLIB_CURRENT_VERSION = 1;
				ENABLE_BITCODE = NO;
				EXCLUDED_RECURSIVE_SEARCH_PATH_SUBDIRECTORIES = "*.nib *.lproj *.gch (*) .DS_Store CVS .svn .git .hg *.xcodeproj *.xcode *.pbproj *.pbxproj";
				EXECUTABLE_PREFIX = lib;
				FRAMEWORK_SEARCH_PATHS = (
					"$(inherited)",
					"$(MonkeyDevPath)/Frameworks/**",
					"$(MonkeyDevPath)/Librarys/**",
					"$(MonkeyDevTheosPath)/vendor/lib",
				);
				GCC_PRECOMPILE_PREFIX_HEADER = YES;
				GCC_PREFIX_HEADER = "WeCheatDylib/WeCheatDylib-Prefix.pch";
				GCC_SYMBOLS_PRIVATE_EXTERN = NO;
				GCC_WARN_ABOUT_MISSING_PROTOTYPES = YES;
				GCC_WARN_ABOUT_RETURN_TYPE = YES;
				HEADER_SEARCH_PATHS = (
					"$(inherited)",
					"$(MonkeyDevPath)/include",
					"$(MonkeyDevTheosPath)/vendor/include/**",
				);
				INSTALL_PATH = "@executable_path/Frameworks/libWeCheatDylib.dylib";
				LD_RUNPATH_SEARCH_PATHS = "$(inherited) @executable_path/Frameworks";
				LIBRARY_SEARCH_PATHS = (
					"$(inherited)",
					"$(MonkeyDevPath)/Frameworks",
					"$(MonkeyDevTheosPath)/vendor/lib/**",
				);
				MonkeyDevPath = /opt/MonkeyDev;
				MonkeyDevTheosPath = /opt/theos;
				OTHER_CFLAGS = (
					"$(inherited)",
					"-DTHEOS_INSTANCE_NAME=\"\\\"WeCheatDylib\\\"\"",
				);
				OTHER_LDFLAGS = (
					"$(inherited)",
					"-weak_library",
					"/usr/lib/libc++.dylib",
					"-weak_library",
					"/usr/lib/libstdc++.dylib",
					"-lsubstrate",
				);
				PRODUCT_NAME = "$(TARGET_NAME)";
				TARGETED_DEVICE_FAMILY = "1,2";
				VALIDATE_PRODUCT = NO;
			};
			name = Debug;
		};
		75D4FFB81F676A1900CACDD6 /* Release */ = {
			isa = XCBuildConfiguration;
			buildSettings = {
				COPY_PHASE_STRIP = YES;
				DEVELOPMENT_TEAM = DNL5G5M9A8;
				DYLIB_COMPATIBILITY_VERSION = 1;
				DYLIB_CURRENT_VERSION = 1;
				ENABLE_BITCODE = NO;
				EXCLUDED_RECURSIVE_SEARCH_PATH_SUBDIRECTORIES = "*.nib *.lproj *.gch (*) .DS_Store CVS .svn .git .hg *.xcodeproj *.xcode *.pbproj *.pbxproj";
				EXECUTABLE_PREFIX = lib;
				FRAMEWORK_SEARCH_PATHS = (
					"$(inherited)",
					"$(MonkeyDevPath)/Frameworks/**",
					"$(MonkeyDevPath)/Librarys/**",
					"$(MonkeyDevTheosPath)/vendor/lib",
				);
				GCC_PRECOMPILE_PREFIX_HEADER = YES;
				GCC_PREFIX_HEADER = "WeCheatDylib/WeCheatDylib-Prefix.pch";
				GCC_WARN_ABOUT_MISSING_PROTOTYPES = YES;
				GCC_WARN_ABOUT_RETURN_TYPE = YES;
				HEADER_SEARCH_PATHS = (
					"$(inherited)",
					"$(MonkeyDevPath)/include",
					"$(MonkeyDevTheosPath)/vendor/include/**",
				);
				INSTALL_PATH = "@executable_path/Frameworks/libWeCheatDylib.dylib";
				LD_RUNPATH_SEARCH_PATHS = "$(inherited) @executable_path/Frameworks";
				LIBRARY_SEARCH_PATHS = (
					"$(inherited)",
					"$(MonkeyDevPath)/Frameworks",
					"$(MonkeyDevTheosPath)/vendor/lib/**",
				);
				MonkeyDevPath = /opt/MonkeyDev;
				MonkeyDevTheosPath = /opt/theos;
				OTHER_CFLAGS = (
					"$(inherited)",
					"-DTHEOS_INSTANCE_NAME=\"\\\"WeCheatDylib\\\"\"",
				);
				OTHER_LDFLAGS = (
					"$(inherited)",
					"-weak_library",
					"/usr/lib/libc++.dylib",
					"-weak_library",
					"/usr/lib/libstdc++.dylib",
					"-lsubstrate",
				);
				PRODUCT_NAME = "$(TARGET_NAME)";
				TARGETED_DEVICE_FAMILY = "1,2";
			};
			name = Release;
		};
/* End XCBuildConfiguration section */

/* Begin XCConfigurationList section */
		75D4FF7E1F676A1900CACDD6 /* Build configuration list for PBXProject "WeCheat" */ = {
			isa = XCConfigurationList;
			buildConfigurations = (
				75D4FFB11F676A1900CACDD6 /* Debug */,
				75D4FFB21F676A1900CACDD6 /* Release */,
			);
			defaultConfigurationIsVisible = 0;
			defaultConfigurationName = Release;
		};
		75D4FFB31F676A1900CACDD6 /* Build configuration list for PBXNativeTarget "WeCheat" */ = {
			isa = XCConfigurationList;
			buildConfigurations = (
				75D4FFB41F676A1900CACDD6 /* Debug */,
				75D4FFB51F676A1900CACDD6 /* Release */,
			);
			defaultConfigurationIsVisible = 0;
			defaultConfigurationName = Release;
		};
		75D4FFB61F676A1900CACDD6 /* Build configuration list for PBXNativeTarget "WeCheatDylib" */ = {
			isa = XCConfigurationList;
			buildConfigurations = (
				75D4FFB71F676A1900CACDD6 /* Debug */,
				75D4FFB81F676A1900CACDD6 /* Release */,
			);
			defaultConfigurationIsVisible = 0;
			defaultConfigurationName = Release;
		};
/* End XCConfigurationList section */
	};
	rootObject = 75D4FF7B1F676A1900CACDD6 /* Project object */;
}
