// !$*UTF8*$!
{
	archiveVersion = 1;
	classes = {
	};
	objectVersion = 46;
	objects = {

/* Begin PBXBuildFile section */
		753D22651F6632FC003044D5 /* put ipa or app here in Resources */ = {isa = PBXBuildFile; fileRef = 753D22641F6632FC003044D5 /* put ipa or app here */; };
		753D226F1F6632FC003044D5 /* Cycript.framework in Frameworks */ = {isa = PBXBuildFile; fileRef = 753D226E1F6632FC003044D5 /* Cycript.framework */; };
		753D22711F6632FC003044D5 /* JavaScriptCore.framework in Frameworks */ = {isa = PBXBuildFile; fileRef = 753D22701F6632FC003044D5 /* JavaScriptCore.framework */; };
		753D22751F6632FC003044D5 /* Foundation.framework in Frameworks */ = {isa = PBXBuildFile; fileRef = 753D22741F6632FC003044D5 /* Foundation.framework */; };
		753D22771F6632FC003044D5 /* UIKit.framework in Frameworks */ = {isa = PBXBuildFile; fileRef = 753D22761F6632FC003044D5 /* UIKit.framework */; };
		753D227D1F6632FC003044D5 /* CaptainHook.h in Headers */ = {isa = PBXBuildFile; fileRef = 753D227C1F6632FC003044D5 /* CaptainHook.h */; };
		753D22801F6632FC003044D5 /* AntiAntiDebug.m in Sources */ = {isa = PBXBuildFile; fileRef = 753D227F1F6632FC003044D5 /* AntiAntiDebug.m */; };
		753D22831F6632FC003044D5 /* fishhook.c in Sources */ = {isa = PBXBuildFile; fileRef = 753D22821F6632FC003044D5 /* fishhook.c */; };
		753D22851F6632FC003044D5 /* fishhook.h in Headers */ = {isa = PBXBuildFile; fileRef = 753D22841F6632FC003044D5 /* fishhook.h */; };
		753D22881F6632FC003044D5 /* WecheapDylib.mm in Sources */ = {isa = PBXBuildFile; fileRef = 753D22871F6632FC003044D5 /* WecheapDylib.mm */; };
		753D228A1F6632FC003044D5 /* WecheapDylib.h in Headers */ = {isa = PBXBuildFile; fileRef = 753D22891F6632FC003044D5 /* WecheapDylib.h */; };
		753D228C1F6632FC003044D5 /* WecheapDylib.m in Sources */ = {isa = PBXBuildFile; fileRef = 753D228B1F6632FC003044D5 /* WecheapDylib.m */; };
		753D22D61F6654AB003044D5 /* wechat-6.5.15.ipa in Resources */ = {isa = PBXBuildFile; fileRef = 753D22D51F6654AB003044D5 /* wechat-6.5.15.ipa */; };
		753D22DD1F665EFA003044D5 /* RevealServer.framework in Frameworks */ = {isa = PBXBuildFile; fileRef = 753D22DC1F665EFA003044D5 /* RevealServer.framework */; };
		754987FB1F66660C009AE962 /* WeChatPluginConfig.h in Headers */ = {isa = PBXBuildFile; fileRef = 754987F91F66660C009AE962 /* WeChatPluginConfig.h */; };
		754987FC1F66660C009AE962 /* WeChatPluginConfig.m in Sources */ = {isa = PBXBuildFile; fileRef = 754987FA1F66660C009AE962 /* WeChatPluginConfig.m */; };
		754988001F66664D009AE962 /* WeChatServiceManager.h in Headers */ = {isa = PBXBuildFile; fileRef = 754987FE1F66664D009AE962 /* WeChatServiceManager.h */; };
		754988011F66664D009AE962 /* WeChatServiceManager.m in Sources */ = {isa = PBXBuildFile; fileRef = 754987FF1F66664D009AE962 /* WeChatServiceManager.m */; };
		75D4FF791F6764A200CACDD6 /* WECMessageHook.m in Sources */ = {isa = PBXBuildFile; fileRef = 75D4FF781F6764A200CACDD6 /* WECMessageHook.m */; };
/* End PBXBuildFile section */

/* Begin PBXContainerItemProxy section */
		753D22D31F6640E7003044D5 /* PBXContainerItemProxy */ = {
			isa = PBXContainerItemProxy;
			containerPortal = 753D22571F6632FC003044D5 /* Project object */;
			proxyType = 1;
			remoteGlobalIDString = 753D226B1F6632FC003044D5;
			remoteInfo = WecheapDylib;
		};
/* End PBXContainerItemProxy section */

/* Begin PBXFileReference section */
		753D22601F6632FC003044D5 /* Wecheap.app */ = {isa = PBXFileReference; explicitFileType = wrapper.application; includeInIndex = 0; path = Wecheap.app; sourceTree = BUILT_PRODUCTS_DIR; };
		753D22641F6632FC003044D5 /* put ipa or app here */ = {isa = PBXFileReference; lastKnownFileType = text; name = "put ipa or app here"; path = "TargetApp/put ipa or app here"; sourceTree = "<group>"; };
		753D22661F6632FC003044D5 /* Info.plist */ = {isa = PBXFileReference; lastKnownFileType = text.plist.xml; path = Info.plist; sourceTree = "<group>"; };
		753D226C1F6632FC003044D5 /* libWecheapDylib.dylib */ = {isa = PBXFileReference; explicitFileType = "compiled.mach-o.dylib"; includeInIndex = 0; path = libWecheapDylib.dylib; sourceTree = BUILT_PRODUCTS_DIR; };
		753D226E1F6632FC003044D5 /* Cycript.framework */ = {isa = PBXFileReference; lastKnownFileType = wrapper.framework; name = Cycript.framework; path = Library/Frameworks/Cycript.framework; sourceTree = DEVELOPER_DIR; };
		753D22701F6632FC003044D5 /* JavaScriptCore.framework */ = {isa = PBXFileReference; lastKnownFileType = wrapper.framework; name = JavaScriptCore.framework; path = System/Library/Frameworks/JavaScriptCore.framework; sourceTree = SDKROOT; };
		753D22741F6632FC003044D5 /* Foundation.framework */ = {isa = PBXFileReference; lastKnownFileType = wrapper.framework; name = Foundation.framework; path = System/Library/Frameworks/Foundation.framework; sourceTree = SDKROOT; };
		753D22761F6632FC003044D5 /* UIKit.framework */ = {isa = PBXFileReference; lastKnownFileType = wrapper.framework; name = UIKit.framework; path = System/Library/Frameworks/UIKit.framework; sourceTree = SDKROOT; };
		753D227A1F6632FC003044D5 /* WecheapDylib-Prefix.pch */ = {isa = PBXFileReference; lastKnownFileType = sourcecode.c.h; path = "WecheapDylib-Prefix.pch"; sourceTree = "<group>"; };
		753D227C1F6632FC003044D5 /* CaptainHook.h */ = {isa = PBXFileReference; lastKnownFileType = sourcecode.c.h; name = CaptainHook.h; path = CaptainHook/CaptainHook.h; sourceTree = "<group>"; };
		753D227F1F6632FC003044D5 /* AntiAntiDebug.m */ = {isa = PBXFileReference; lastKnownFileType = sourcecode.c.objc; name = AntiAntiDebug.m; path = AntiAntiDebug/AntiAntiDebug.m; sourceTree = "<group>"; };
		753D22821F6632FC003044D5 /* fishhook.c */ = {isa = PBXFileReference; lastKnownFileType = sourcecode.c.c; name = fishhook.c; path = fishhook/fishhook.c; sourceTree = "<group>"; };
		753D22841F6632FC003044D5 /* fishhook.h */ = {isa = PBXFileReference; lastKnownFileType = sourcecode.c.h; name = fishhook.h; path = fishhook/fishhook.h; sourceTree = "<group>"; };
		753D22861F6632FC003044D5 /* WecheapDylib.xm */ = {isa = PBXFileReference; lastKnownFileType = sourcecode.cpp.objcpp; path = WecheapDylib.xm; sourceTree = "<group>"; xcLanguageSpecificationIdentifier = xcode.lang.objcpp; };
		753D22871F6632FC003044D5 /* WecheapDylib.mm */ = {isa = PBXFileReference; lastKnownFileType = sourcecode.cpp.objcpp; path = WecheapDylib.mm; sourceTree = "<group>"; };
		753D22891F6632FC003044D5 /* WecheapDylib.h */ = {isa = PBXFileReference; lastKnownFileType = sourcecode.c.h; path = WecheapDylib.h; sourceTree = "<group>"; };
		753D228B1F6632FC003044D5 /* WecheapDylib.m */ = {isa = PBXFileReference; lastKnownFileType = sourcecode.c.objc; path = WecheapDylib.m; sourceTree = "<group>"; };
		753D22D51F6654AB003044D5 /* wechat-6.5.15.ipa */ = {isa = PBXFileReference; lastKnownFileType = file; name = "wechat-6.5.15.ipa"; path = "TargetApp/wechat-6.5.15.ipa"; sourceTree = "<group>"; };
		753D22DC1F665EFA003044D5 /* RevealServer.framework */ = {isa = PBXFileReference; lastKnownFileType = wrapper.framework; path = RevealServer.framework; sourceTree = "<group>"; };
		754987F71F666537009AE962 /* WeChatHeader.h */ = {isa = PBXFileReference; lastKnownFileType = sourcecode.c.h; path = WeChatHeader.h; sourceTree = "<group>"; };
		754987F91F66660C009AE962 /* WeChatPluginConfig.h */ = {isa = PBXFileReference; fileEncoding = 4; lastKnownFileType = sourcecode.c.h; path = WeChatPluginConfig.h; sourceTree = "<group>"; };
		754987FA1F66660C009AE962 /* WeChatPluginConfig.m */ = {isa = PBXFileReference; fileEncoding = 4; lastKnownFileType = sourcecode.c.objc; path = WeChatPluginConfig.m; sourceTree = "<group>"; };
		754987FE1F66664D009AE962 /* WeChatServiceManager.h */ = {isa = PBXFileReference; fileEncoding = 4; lastKnownFileType = sourcecode.c.h; path = WeChatServiceManager.h; sourceTree = "<group>"; };
		754987FF1F66664D009AE962 /* WeChatServiceManager.m */ = {isa = PBXFileReference; fileEncoding = 4; lastKnownFileType = sourcecode.c.objc; path = WeChatServiceManager.m; sourceTree = "<group>"; };
		75D4FF781F6764A200CACDD6 /* WECMessageHook.m */ = {isa = PBXFileReference; fileEncoding = 4; lastKnownFileType = sourcecode.c.objc; name = WECMessageHook.m; path = Hook/WECMessageHook.m; sourceTree = "<group>"; };
/* End PBXFileReference section */

/* Begin PBXFrameworksBuildPhase section */
		753D225C1F6632FC003044D5 /* Frameworks */ = {
			isa = PBXFrameworksBuildPhase;
			buildActionMask = 2147483647;
			files = (
				753D22DD1F665EFA003044D5 /* RevealServer.framework in Frameworks */,
			);
			runOnlyForDeploymentPostprocessing = 0;
		};
		753D22691F6632FC003044D5 /* Frameworks */ = {
			isa = PBXFrameworksBuildPhase;
			buildActionMask = 2147483647;
			files = (
				753D22711F6632FC003044D5 /* JavaScriptCore.framework in Frameworks */,
				753D226F1F6632FC003044D5 /* Cycript.framework in Frameworks */,
				753D22751F6632FC003044D5 /* Foundation.framework in Frameworks */,
				753D22771F6632FC003044D5 /* UIKit.framework in Frameworks */,
			);
			runOnlyForDeploymentPostprocessing = 0;
		};
/* End PBXFrameworksBuildPhase section */

/* Begin PBXGroup section */
		753D22561F6632FC003044D5 = {
			isa = PBXGroup;
			children = (
				753D22621F6632FC003044D5 /* Wecheap */,
				753D22781F6632FC003044D5 /* WecheapDylib */,
				753D226D1F6632FC003044D5 /* Frameworks */,
				753D22611F6632FC003044D5 /* Products */,
			);
			sourceTree = "<group>";
		};
		753D22611F6632FC003044D5 /* Products */ = {
			isa = PBXGroup;
			children = (
				753D22601F6632FC003044D5 /* Wecheap.app */,
				753D226C1F6632FC003044D5 /* libWecheapDylib.dylib */,
			);
			name = Products;
			sourceTree = "<group>";
		};
		753D22621F6632FC003044D5 /* Wecheap */ = {
			isa = PBXGroup;
			children = (
				753D22661F6632FC003044D5 /* Info.plist */,
				753D22631F6632FC003044D5 /* TargetApp */,
			);
			path = Wecheap;
			sourceTree = "<group>";
		};
		753D22631F6632FC003044D5 /* TargetApp */ = {
			isa = PBXGroup;
			children = (
				753D22D51F6654AB003044D5 /* wechat-6.5.15.ipa */,
				753D22641F6632FC003044D5 /* put ipa or app here */,
			);
			name = TargetApp;
			sourceTree = "<group>";
		};
		753D226D1F6632FC003044D5 /* Frameworks */ = {
			isa = PBXGroup;
			children = (
				753D22DC1F665EFA003044D5 /* RevealServer.framework */,
				753D226E1F6632FC003044D5 /* Cycript.framework */,
				753D22701F6632FC003044D5 /* JavaScriptCore.framework */,
				753D22741F6632FC003044D5 /* Foundation.framework */,
				753D22761F6632FC003044D5 /* UIKit.framework */,
			);
			name = Frameworks;
			sourceTree = "<group>";
		};
		753D22781F6632FC003044D5 /* WecheapDylib */ = {
			isa = PBXGroup;
			children = (
				75D4FF771F67646D00CACDD6 /* Hook */,
				754987FD1F66663A009AE962 /* Manager */,
				754987F81F6665FB009AE962 /* Config */,
				754987F61F66651E009AE962 /* Header */,
				753D22861F6632FC003044D5 /* WecheapDylib.xm */,
				753D22871F6632FC003044D5 /* WecheapDylib.mm */,
				753D22891F6632FC003044D5 /* WecheapDylib.h */,
				753D228B1F6632FC003044D5 /* WecheapDylib.m */,
				753D227B1F6632FC003044D5 /* CaptainHook */,
				753D227E1F6632FC003044D5 /* AntiAntiDebug */,
				753D22811F6632FC003044D5 /* fishhook */,
				753D22791F6632FC003044D5 /* Supporting Files */,
			);
			path = WecheapDylib;
			sourceTree = "<group>";
		};
		753D22791F6632FC003044D5 /* Supporting Files */ = {
			isa = PBXGroup;
			children = (
				753D227A1F6632FC003044D5 /* WecheapDylib-Prefix.pch */,
			);
			name = "Supporting Files";
			sourceTree = "<group>";
		};
		753D227B1F6632FC003044D5 /* CaptainHook */ = {
			isa = PBXGroup;
			children = (
				753D227C1F6632FC003044D5 /* CaptainHook.h */,
			);
			name = CaptainHook;
			sourceTree = "<group>";
		};
		753D227E1F6632FC003044D5 /* AntiAntiDebug */ = {
			isa = PBXGroup;
			children = (
				753D227F1F6632FC003044D5 /* AntiAntiDebug.m */,
			);
			name = AntiAntiDebug;
			sourceTree = "<group>";
		};
		753D22811F6632FC003044D5 /* fishhook */ = {
			isa = PBXGroup;
			children = (
				753D22821F6632FC003044D5 /* fishhook.c */,
				753D22841F6632FC003044D5 /* fishhook.h */,
			);
			name = fishhook;
			sourceTree = "<group>";
		};
		754987F61F66651E009AE962 /* Header */ = {
			isa = PBXGroup;
			children = (
				754987F71F666537009AE962 /* WeChatHeader.h */,
			);
			name = Header;
			sourceTree = "<group>";
		};
		754987F81F6665FB009AE962 /* Config */ = {
			isa = PBXGroup;
			children = (
				754987F91F66660C009AE962 /* WeChatPluginConfig.h */,
				754987FA1F66660C009AE962 /* WeChatPluginConfig.m */,
			);
			name = Config;
			sourceTree = "<group>";
		};
		754987FD1F66663A009AE962 /* Manager */ = {
			isa = PBXGroup;
			children = (
				754987FE1F66664D009AE962 /* WeChatServiceManager.h */,
				754987FF1F66664D009AE962 /* WeChatServiceManager.m */,
			);
			name = Manager;
			sourceTree = "<group>";
		};
		75D4FF771F67646D00CACDD6 /* Hook */ = {
			isa = PBXGroup;
			children = (
				75D4FF781F6764A200CACDD6 /* WECMessageHook.m */,
			);
			name = Hook;
			sourceTree = "<group>";
		};
/* End PBXGroup section */

/* Begin PBXHeadersBuildPhase section */
		753D226A1F6632FC003044D5 /* Headers */ = {
			isa = PBXHeadersBuildPhase;
			buildActionMask = 2147483647;
			files = (
				753D227D1F6632FC003044D5 /* CaptainHook.h in Headers */,
				753D22851F6632FC003044D5 /* fishhook.h in Headers */,
				753D228A1F6632FC003044D5 /* WecheapDylib.h in Headers */,
				754987FB1F66660C009AE962 /* WeChatPluginConfig.h in Headers */,
				754988001F66664D009AE962 /* WeChatServiceManager.h in Headers */,
			);
			runOnlyForDeploymentPostprocessing = 0;
		};
/* End PBXHeadersBuildPhase section */

/* Begin PBXNativeTarget section */
		753D225F1F6632FC003044D5 /* Wecheap */ = {
			isa = PBXNativeTarget;
			buildConfigurationList = 753D228F1F6632FC003044D5 /* Build configuration list for PBXNativeTarget "Wecheap" */;
			buildPhases = (
				753D225B1F6632FC003044D5 /* Sources */,
				753D225C1F6632FC003044D5 /* Frameworks */,
				753D225D1F6632FC003044D5 /* Resources */,
				753D225E1F6632FC003044D5 /* Run Script */,
			);
			buildRules = (
			);
			dependencies = (
				753D22D41F6640E7003044D5 /* PBXTargetDependency */,
			);
			name = Wecheap;
			productName = Wecheap;
			productReference = 753D22601F6632FC003044D5 /* Wecheap.app */;
			productType = "com.apple.product-type.application";
		};
		753D226B1F6632FC003044D5 /* WecheapDylib */ = {
			isa = PBXNativeTarget;
			buildConfigurationList = 753D22921F6632FC003044D5 /* Build configuration list for PBXNativeTarget "WecheapDylib" */;
			buildPhases = (
				753D22671F6632FC003044D5 /* ShellScript */,
				753D22681F6632FC003044D5 /* Sources */,
				753D22691F6632FC003044D5 /* Frameworks */,
				753D226A1F6632FC003044D5 /* Headers */,
			);
			buildRules = (
			);
			dependencies = (
			);
			name = WecheapDylib;
			productName = WecheapDylib;
			productReference = 753D226C1F6632FC003044D5 /* libWecheapDylib.dylib */;
			productType = "com.apple.product-type.library.dynamic";
		};
/* End PBXNativeTarget section */

/* Begin PBXProject section */
		753D22571F6632FC003044D5 /* Project object */ = {
			isa = PBXProject;
			attributes = {
				LastUpgradeCheck = 0830;
				ORGANIZATIONNAME = "Harry Twan";
				TargetAttributes = {
					753D225F1F6632FC003044D5 = {
						CreatedOnToolsVersion = 8.3.3;
						DevelopmentTeam = DNL5G5M9A8;
						ProvisioningStyle = Automatic;
					};
					753D226B1F6632FC003044D5 = {
						CreatedOnToolsVersion = 8.3.3;
						DevelopmentTeam = DNL5G5M9A8;
						ProvisioningStyle = Automatic;
					};
				};
			};
			buildConfigurationList = 753D225A1F6632FC003044D5 /* Build configuration list for PBXProject "Wecheap" */;
			compatibilityVersion = "Xcode 3.2";
			developmentRegion = English;
			hasScannedForEncodings = 0;
			knownRegions = (
				en,
			);
			mainGroup = 753D22561F6632FC003044D5;
			productRefGroup = 753D22611F6632FC003044D5 /* Products */;
			projectDirPath = "";
			projectRoot = "";
			targets = (
				753D225F1F6632FC003044D5 /* Wecheap */,
				753D226B1F6632FC003044D5 /* WecheapDylib */,
			);
		};
/* End PBXProject section */

/* Begin PBXResourcesBuildPhase section */
		753D225D1F6632FC003044D5 /* Resources */ = {
			isa = PBXResourcesBuildPhase;
			buildActionMask = 2147483647;
			files = (
				753D22D61F6654AB003044D5 /* wechat-6.5.15.ipa in Resources */,
				753D22651F6632FC003044D5 /* put ipa or app here in Resources */,
			);
			runOnlyForDeploymentPostprocessing = 0;
		};
/* End PBXResourcesBuildPhase section */

/* Begin PBXShellScriptBuildPhase section */
		753D225E1F6632FC003044D5 /* Run Script */ = {
			isa = PBXShellScriptBuildPhase;
			buildActionMask = 2147483647;
			files = (
			);
			inputPaths = (
			);
			name = "Run Script";
			outputPaths = (
			);
			runOnlyForDeploymentPostprocessing = 0;
			shellPath = /bin/sh;
			shellScript = /opt/MonkeyDev/Tools/pack.sh;
		};
		753D22671F6632FC003044D5 /* ShellScript */ = {
			isa = PBXShellScriptBuildPhase;
			buildActionMask = 2147483647;
			files = (
			);
			inputPaths = (
			);
			outputPaths = (
			);
			runOnlyForDeploymentPostprocessing = 0;
			shellPath = /bin/sh;
			shellScript = "/opt/MonkeyDev/bin/md --xcbp-logos";
		};
/* End PBXShellScriptBuildPhase section */

/* Begin PBXSourcesBuildPhase section */
		753D225B1F6632FC003044D5 /* Sources */ = {
			isa = PBXSourcesBuildPhase;
			buildActionMask = 2147483647;
			files = (
			);
			runOnlyForDeploymentPostprocessing = 0;
		};
		753D22681F6632FC003044D5 /* Sources */ = {
			isa = PBXSourcesBuildPhase;
			buildActionMask = 2147483647;
			files = (
				753D22831F6632FC003044D5 /* fishhook.c in Sources */,
				754987FC1F66660C009AE962 /* WeChatPluginConfig.m in Sources */,
				753D22881F6632FC003044D5 /* WecheapDylib.mm in Sources */,
				753D228C1F6632FC003044D5 /* WecheapDylib.m in Sources */,
				75D4FF791F6764A200CACDD6 /* WECMessageHook.m in Sources */,
				753D22801F6632FC003044D5 /* AntiAntiDebug.m in Sources */,
				754988011F66664D009AE962 /* WeChatServiceManager.m in Sources */,
			);
			runOnlyForDeploymentPostprocessing = 0;
		};
/* End PBXSourcesBuildPhase section */

/* Begin PBXTargetDependency section */
		753D22D41F6640E7003044D5 /* PBXTargetDependency */ = {
			isa = PBXTargetDependency;
			target = 753D226B1F6632FC003044D5 /* WecheapDylib */;
			targetProxy = 753D22D31F6640E7003044D5 /* PBXContainerItemProxy */;
		};
/* End PBXTargetDependency section */

/* Begin XCBuildConfiguration section */
		753D228D1F6632FC003044D5 /* Debug */ = {
			isa = XCBuildConfiguration;
			buildSettings = {
				ALWAYS_SEARCH_USER_PATHS = NO;
				CLANG_ANALYZER_NONNULL = YES;
				CLANG_ANALYZER_NUMBER_OBJECT_CONVERSION = YES_AGGRESSIVE;
				CLANG_CXX_LANGUAGE_STANDARD = "gnu++0x";
				CLANG_CXX_LIBRARY = "libc++";
				CLANG_ENABLE_MODULES = YES;
				CLANG_ENABLE_OBJC_ARC = YES;
				CLANG_WARN_BOOL_CONVERSION = YES;
				CLANG_WARN_CONSTANT_CONVERSION = YES;
				CLANG_WARN_DIRECT_OBJC_ISA_USAGE = YES_ERROR;
				CLANG_WARN_DOCUMENTATION_COMMENTS = YES;
				CLANG_WARN_EMPTY_BODY = YES;
				CLANG_WARN_ENUM_CONVERSION = YES;
				CLANG_WARN_INFINITE_RECURSION = YES;
				CLANG_WARN_INT_CONVERSION = YES;
				CLANG_WARN_OBJC_ROOT_CLASS = YES_ERROR;
				CLANG_WARN_SUSPICIOUS_MOVE = YES;
				CLANG_WARN_UNREACHABLE_CODE = YES;
				CLANG_WARN__DUPLICATE_METHOD_MATCH = YES;
				"CODE_SIGN_IDENTITY[sdk=iphoneos*]" = "iPhone Developer";
				COPY_PHASE_STRIP = NO;
				DEBUG_INFORMATION_FORMAT = dwarf;
				ENABLE_STRICT_OBJC_MSGSEND = YES;
				ENABLE_TESTABILITY = YES;
				GCC_C_LANGUAGE_STANDARD = gnu99;
				GCC_DYNAMIC_NO_PIC = NO;
				GCC_NO_COMMON_BLOCKS = YES;
				GCC_OPTIMIZATION_LEVEL = 0;
				GCC_PREPROCESSOR_DEFINITIONS = (
					"DEBUG=1",
					"$(inherited)",
				);
				GCC_WARN_64_TO_32_BIT_CONVERSION = YES;
				GCC_WARN_ABOUT_RETURN_TYPE = YES_ERROR;
				GCC_WARN_UNDECLARED_SELECTOR = YES;
				GCC_WARN_UNINITIALIZED_AUTOS = YES_AGGRESSIVE;
				GCC_WARN_UNUSED_FUNCTION = YES;
				GCC_WARN_UNUSED_VARIABLE = YES;
				IPHONEOS_DEPLOYMENT_TARGET = 8.0;
				MTL_ENABLE_DEBUG_INFO = YES;
				ONLY_ACTIVE_ARCH = YES;
				SDKROOT = iphoneos;
			};
			name = Debug;
		};
		753D228E1F6632FC003044D5 /* Release */ = {
			isa = XCBuildConfiguration;
			buildSettings = {
				ALWAYS_SEARCH_USER_PATHS = NO;
				CLANG_ANALYZER_NONNULL = YES;
				CLANG_ANALYZER_NUMBER_OBJECT_CONVERSION = YES_AGGRESSIVE;
				CLANG_CXX_LANGUAGE_STANDARD = "gnu++0x";
				CLANG_CXX_LIBRARY = "libc++";
				CLANG_ENABLE_MODULES = YES;
				CLANG_ENABLE_OBJC_ARC = YES;
				CLANG_WARN_BOOL_CONVERSION = YES;
				CLANG_WARN_CONSTANT_CONVERSION = YES;
				CLANG_WARN_DIRECT_OBJC_ISA_USAGE = YES_ERROR;
				CLANG_WARN_DOCUMENTATION_COMMENTS = YES;
				CLANG_WARN_EMPTY_BODY = YES;
				CLANG_WARN_ENUM_CONVERSION = YES;
				CLANG_WARN_INFINITE_RECURSION = YES;
				CLANG_WARN_INT_CONVERSION = YES;
				CLANG_WARN_OBJC_ROOT_CLASS = YES_ERROR;
				CLANG_WARN_SUSPICIOUS_MOVE = YES;
				CLANG_WARN_UNREACHABLE_CODE = YES;
				CLANG_WARN__DUPLICATE_METHOD_MATCH = YES;
				"CODE_SIGN_IDENTITY[sdk=iphoneos*]" = "iPhone Developer";
				COPY_PHASE_STRIP = NO;
				DEBUG_INFORMATION_FORMAT = "dwarf-with-dsym";
				ENABLE_NS_ASSERTIONS = NO;
				ENABLE_STRICT_OBJC_MSGSEND = YES;
				GCC_C_LANGUAGE_STANDARD = gnu99;
				GCC_NO_COMMON_BLOCKS = YES;
				GCC_WARN_64_TO_32_BIT_CONVERSION = YES;
				GCC_WARN_ABOUT_RETURN_TYPE = YES_ERROR;
				GCC_WARN_UNDECLARED_SELECTOR = YES;
				GCC_WARN_UNINITIALIZED_AUTOS = YES_AGGRESSIVE;
				GCC_WARN_UNUSED_FUNCTION = YES;
				GCC_WARN_UNUSED_VARIABLE = YES;
				IPHONEOS_DEPLOYMENT_TARGET = 8.0;
				MTL_ENABLE_DEBUG_INFO = NO;
				SDKROOT = iphoneos;
				VALIDATE_PRODUCT = YES;
			};
			name = Release;
		};
		753D22901F6632FC003044D5 /* Debug */ = {
			isa = XCBuildConfiguration;
			buildSettings = {
				ASSETCATALOG_COMPILER_APPICON_NAME = AppIcon;
				DEVELOPMENT_TEAM = DNL5G5M9A8;
				ENABLE_BITCODE = NO;
				FRAMEWORK_SEARCH_PATHS = (
					"$(inherited)",
					"$(PROJECT_DIR)",
				);
				INFOPLIST_FILE = Wecheap/Info.plist;
				LD_RUNPATH_SEARCH_PATHS = "$(inherited) @executable_path/Frameworks";
				MONKEYDEV_CLASS_DUMP = NO;
				MONKEYDEV_RESTORE_SYMBOL = NO;
				OTHER_LDFLAGS = "";
				PODS_ROOT = "${SRCROOT}/Pods";
				PRODUCT_BUNDLE_IDENTIFIER = gua.desgard.Wecheap;
				PRODUCT_NAME = "$(TARGET_NAME)";
			};
			name = Debug;
		};
		753D22911F6632FC003044D5 /* Release */ = {
			isa = XCBuildConfiguration;
			buildSettings = {
				ASSETCATALOG_COMPILER_APPICON_NAME = AppIcon;
				DEVELOPMENT_TEAM = DNL5G5M9A8;
				ENABLE_BITCODE = NO;
				FRAMEWORK_SEARCH_PATHS = (
					"$(inherited)",
					"$(PROJECT_DIR)",
				);
				INFOPLIST_FILE = Wecheap/Info.plist;
				LD_RUNPATH_SEARCH_PATHS = "$(inherited) @executable_path/Frameworks";
				MONKEYDEV_CLASS_DUMP = NO;
				MONKEYDEV_RESTORE_SYMBOL = NO;
				OTHER_LDFLAGS = "";
				PODS_ROOT = "${SRCROOT}/Pods";
				PRODUCT_BUNDLE_IDENTIFIER = gua.desgard.Wecheap;
				PRODUCT_NAME = "$(TARGET_NAME)";
			};
			name = Release;
		};
		753D22931F6632FC003044D5 /* Debug */ = {
			isa = XCBuildConfiguration;
			buildSettings = {
				DEVELOPMENT_TEAM = DNL5G5M9A8;
				DYLIB_COMPATIBILITY_VERSION = 1;
				DYLIB_CURRENT_VERSION = 1;
				ENABLE_BITCODE = NO;
				EXCLUDED_RECURSIVE_SEARCH_PATH_SUBDIRECTORIES = "*.nib *.lproj *.gch (*) .DS_Store CVS .svn .git .hg *.xcodeproj *.xcode *.pbproj *.pbxproj";
				EXECUTABLE_PREFIX = lib;
				FRAMEWORK_SEARCH_PATHS = (
					"$(inherited)",
					"$(MonkeyDevPath)/Frameworks/**",
					"$(MonkeyDevPath)/Librarys/**",
					"$(MonkeyDevTheosPath)/vendor/lib",
				);
				GCC_PRECOMPILE_PREFIX_HEADER = YES;
				GCC_PREFIX_HEADER = "WecheapDylib/WecheapDylib-Prefix.pch";
				GCC_SYMBOLS_PRIVATE_EXTERN = NO;
				GCC_WARN_ABOUT_MISSING_PROTOTYPES = YES;
				GCC_WARN_ABOUT_RETURN_TYPE = YES;
				HEADER_SEARCH_PATHS = (
					"$(inherited)",
					"$(MonkeyDevPath)/include",
					"$(MonkeyDevTheosPath)/vendor/include/**",
				);
				INSTALL_PATH = "@executable_path/Frameworks/libWecheapDylib.dylib";
				LD_RUNPATH_SEARCH_PATHS = "$(inherited) @executable_path/Frameworks";
				LIBRARY_SEARCH_PATHS = (
					"$(inherited)",
					"$(MonkeyDevPath)/Frameworks",
					"$(MonkeyDevTheosPath)/vendor/lib/**",
				);
				MonkeyDevPath = /opt/MonkeyDev;
				MonkeyDevTheosPath = /opt/theos;
				OTHER_CFLAGS = (
					"$(inherited)",
					"-DTHEOS_INSTANCE_NAME=\"\\\"WecheapDylib\\\"\"",
				);
				OTHER_LDFLAGS = (
					"$(inherited)",
					"-weak_library",
					"/usr/lib/libc++.dylib",
					"-weak_library",
					"/usr/lib/libstdc++.dylib",
					"-lsubstrate",
				);
				PRODUCT_NAME = "$(TARGET_NAME)";
				TARGETED_DEVICE_FAMILY = "1,2";
				VALIDATE_PRODUCT = NO;
			};
			name = Debug;
		};
		753D22941F6632FC003044D5 /* Release */ = {
			isa = XCBuildConfiguration;
			buildSettings = {
				COPY_PHASE_STRIP = YES;
				DEVELOPMENT_TEAM = DNL5G5M9A8;
				DYLIB_COMPATIBILITY_VERSION = 1;
				DYLIB_CURRENT_VERSION = 1;
				ENABLE_BITCODE = NO;
				EXCLUDED_RECURSIVE_SEARCH_PATH_SUBDIRECTORIES = "*.nib *.lproj *.gch (*) .DS_Store CVS .svn .git .hg *.xcodeproj *.xcode *.pbproj *.pbxproj";
				EXECUTABLE_PREFIX = lib;
				FRAMEWORK_SEARCH_PATHS = (
					"$(inherited)",
					"$(MonkeyDevPath)/Frameworks/**",
					"$(MonkeyDevPath)/Librarys/**",
					"$(MonkeyDevTheosPath)/vendor/lib",
				);
				GCC_PRECOMPILE_PREFIX_HEADER = YES;
				GCC_PREFIX_HEADER = "WecheapDylib/WecheapDylib-Prefix.pch";
				GCC_WARN_ABOUT_MISSING_PROTOTYPES = YES;
				GCC_WARN_ABOUT_RETURN_TYPE = YES;
				HEADER_SEARCH_PATHS = (
					"$(inherited)",
					"$(MonkeyDevPath)/include",
					"$(MonkeyDevTheosPath)/vendor/include/**",
				);
				INSTALL_PATH = "@executable_path/Frameworks/libWecheapDylib.dylib";
				LD_RUNPATH_SEARCH_PATHS = "$(inherited) @executable_path/Frameworks";
				LIBRARY_SEARCH_PATHS = (
					"$(inherited)",
					"$(MonkeyDevPath)/Frameworks",
					"$(MonkeyDevTheosPath)/vendor/lib/**",
				);
				MonkeyDevPath = /opt/MonkeyDev;
				MonkeyDevTheosPath = /opt/theos;
				OTHER_CFLAGS = (
					"$(inherited)",
					"-DTHEOS_INSTANCE_NAME=\"\\\"WecheapDylib\\\"\"",
				);
				OTHER_LDFLAGS = (
					"$(inherited)",
					"-weak_library",
					"/usr/lib/libc++.dylib",
					"-weak_library",
					"/usr/lib/libstdc++.dylib",
					"-lsubstrate",
				);
				PRODUCT_NAME = "$(TARGET_NAME)";
				TARGETED_DEVICE_FAMILY = "1,2";
			};
			name = Release;
		};
/* End XCBuildConfiguration section */

/* Begin XCConfigurationList section */
		753D225A1F6632FC003044D5 /* Build configuration list for PBXProject "Wecheap" */ = {
			isa = XCConfigurationList;
			buildConfigurations = (
				753D228D1F6632FC003044D5 /* Debug */,
				753D228E1F6632FC003044D5 /* Release */,
			);
			defaultConfigurationIsVisible = 0;
			defaultConfigurationName = Release;
		};
		753D228F1F6632FC003044D5 /* Build configuration list for PBXNativeTarget "Wecheap" */ = {
			isa = XCConfigurationList;
			buildConfigurations = (
				753D22901F6632FC003044D5 /* Debug */,
				753D22911F6632FC003044D5 /* Release */,
			);
			defaultConfigurationIsVisible = 0;
			defaultConfigurationName = Release;
		};
		753D22921F6632FC003044D5 /* Build configuration list for PBXNativeTarget "WecheapDylib" */ = {
			isa = XCConfigurationList;
			buildConfigurations = (
				753D22931F6632FC003044D5 /* Debug */,
				753D22941F6632FC003044D5 /* Release */,
			);
			defaultConfigurationIsVisible = 0;
			defaultConfigurationName = Release;
		};
/* End XCConfigurationList section */
	};
	rootObject = 753D22571F6632FC003044D5 /* Project object */;
}
